
Microsoft Visual Studio Solution File, Format Version 12.00
# Visual Studio Version 17
VisualStudioVersion = 17.0.32112.339
MinimumVisualStudioVersion = 10.0.40219.1
Project("{9A19103F-16F7-4668-BE54-9A1E7A4F7556}") = "font-awesome-meta-data-parser", "font-awesome-meta-data-parser.csproj", "{7067739C-92EA-4362-A107-EDBF17469DC8}"
EndProject
Global
	GlobalSection(SolutionConfigurationPlatforms) = preSolution
		Debug|Any CPU = Debug|Any CPU
		Release|Any CPU = Release|Any CPU
	EndGlobalSection
	GlobalSection(ProjectConfigurationPlatforms) = postSolution
		{7067739C-92EA-4362-A107-EDBF17469DC8}.Debug|Any CPU.ActiveCfg = Debug|Any CPU
		{7067739C-92EA-4362-A107-EDBF17469DC8}.Debug|Any CPU.Build.0 = Debug|Any CPU
		{7067739C-92EA-4362-A107-EDBF17469DC8}.Release|Any CPU.ActiveCfg = Release|Any CPU
		{7067739C-92EA-4362-A107-EDBF17469DC8}.Release|Any CPU.Build.0 = Release|Any CPU
	EndGlobalSection
	GlobalSection(SolutionProperties) = preSolution
		HideSolutionNode = FALSE
	EndGlobalSection
	GlobalSection(ExtensibilityGlobals) = postSolution
		SolutionGuid = {C20E3B27-6A2E-4B4F-BB09-23977A679448}
	EndGlobalSection
EndGlobal
